
Microsoft Visual Studio Solution File, Format Version 12.00
# Visual Studio Version 16
VisualStudioVersion = 16.0.28606.126
MinimumVisualStudioVersion = 10.0.40219.1
Project("{9A19103F-16F7-4668-BE54-9A1E7A4F7556}") = "Tests", "Tests\Tests.csproj", "{1615ED10-728B-4C4C-8969-4CB4694C4540}"
EndProject
Project("{9A19103F-16F7-4668-BE54-9A1E7A4F7556}") = "Implementation", "Implementation\Implementation.csproj", "{EE5303D8-74EB-42C4-867E-E154B76C5720}"
EndProject
Global
	GlobalSection(SolutionConfigurationPlatforms) = preSolution
		Debug|Any CPU = Debug|Any CPU
		Release|Any CPU = Release|Any CPU
	EndGlobalSection
	GlobalSection(ProjectConfigurationPlatforms) = postSolution
		{1615ED10-728B-4C4C-8969-4CB4694C4540}.Debug|Any CPU.ActiveCfg = Debug|Any CPU
		{1615ED10-728B-4C4C-8969-4CB4694C4540}.Debug|Any CPU.Build.0 = Debug|Any CPU
		{1615ED10-728B-4C4C-8969-4CB4694C4540}.Release|Any CPU.ActiveCfg = Release|Any CPU
		{1615ED10-728B-4C4C-8969-4CB4694C4540}.Release|Any CPU.Build.0 = Release|Any CPU
		{EE5303D8-74EB-42C4-867E-E154B76C5720}.Debug|Any CPU.ActiveCfg = Debug|Any CPU
		{EE5303D8-74EB-42C4-867E-E154B76C5720}.Debug|Any CPU.Build.0 = Debug|Any CPU
		{EE5303D8-74EB-42C4-867E-E154B76C5720}.Release|Any CPU.ActiveCfg = Release|Any CPU
		{EE5303D8-74EB-42C4-867E-E154B76C5720}.Release|Any CPU.Build.0 = Release|Any CPU
	EndGlobalSection
	GlobalSection(SolutionProperties) = preSolution
		HideSolutionNode = FALSE
	EndGlobalSection
	GlobalSection(ExtensibilityGlobals) = postSolution
		SolutionGuid = {469D0B9C-49BD-4BDB-BF0A-A1B48CAF157C}
	EndGlobalSection
EndGlobal
